
Microsoft Visual Studio Solution File, Format Version 12.00
# Visual Studio 15
VisualStudioVersion = 15.0.27428.2015
MinimumVisualStudioVersion = 10.0.40219.1
Project("{2150E333-8FDC-42A3-9474-1A3956D46DE8}") = ".nuget", ".nuget", "{FB86A288-63D0-45C6-9353-2135327CB51E}"
	ProjectSection(SolutionItems) = preProject
		.nuget\packages.config = .nuget\packages.config
	EndProjectSection
EndProject
Project("{FAE04EC0-301F-11D3-BF4B-00C04F79EFBC}") = "Stoneycreek.libraries.MultichainWrapper", "MultichainWraper\Stoneycreek.libraries.MultichainWrapper.csproj", "{C8BD87E1-BEE5-43E6-BA03-11209187D3C7}"
EndProject
Project("{FAE04EC0-301F-11D3-BF4B-00C04F79EFBC}") = "TestApplication", "TestApplication\TestApplication.csproj", "{0FB41EBB-908E-439E-89BA-5E8293AAED6E}"
EndProject
Project("{2150E333-8FDC-42A3-9474-1A3956D46DE8}") = "BusinessLogic", "BusinessLogic", "{00290DDF-0427-4948-882B-65371C42DFDF}"
EndProject
Project("{2150E333-8FDC-42A3-9474-1A3956D46DE8}") = "Test", "Test", "{F7CFE8A1-8121-42BE-A418-D59E43AE3ABD}"
EndProject
Project("{2150E333-8FDC-42A3-9474-1A3956D46DE8}") = "Service", "Service", "{F65757A3-2752-4BAD-B8A5-D6993CE6F0F4}"
EndProject
Project("{2150E333-8FDC-42A3-9474-1A3956D46DE8}") = "DataContracts", "DataContracts", "{A4FD18DA-B2DB-44D2-BFA1-119015DD23B2}"
EndProject
Project("{FAE04EC0-301F-11D3-BF4B-00C04F79EFBC}") = "StoneyCreek.Services.Blockchain.DataContracts", "Service\DataContracts\StoneyCreek.Services.Blockchain.DataContracts\StoneyCreek.Services.Blockchain.DataContracts.csproj", "{65C5E963-5C40-43B9-87DF-036C75A29F82}"
EndProject
Project("{FAE04EC0-301F-11D3-BF4B-00C04F79EFBC}") = "Unit Tests", "Unit Tests\Unit Tests.csproj", "{FD3E7D16-4A5D-4FAC-9F94-B2408C977907}"
EndProject
Project("{2150E333-8FDC-42A3-9474-1A3956D46DE8}") = "UnitTests", "UnitTests", "{37443B95-1467-48B3-861B-C695A04F2AAC}"
EndProject
Project("{FAE04EC0-301F-11D3-BF4B-00C04F79EFBC}") = "ServiceImplementation", "Service\ServiceImplementation\ServiceImplementation.csproj", "{FF1D97F7-0D4E-4635-A702-C05083B0193C}"
EndProject
Global
	GlobalSection(SolutionConfigurationPlatforms) = preSolution
		Debug|Any CPU = Debug|Any CPU
		Debug|x64 = Debug|x64
		Debug|x86 = Debug|x86
		Release|Any CPU = Release|Any CPU
		Release|x64 = Release|x64
		Release|x86 = Release|x86
	EndGlobalSection
	GlobalSection(ProjectConfigurationPlatforms) = postSolution
		{C8BD87E1-BEE5-43E6-BA03-11209187D3C7}.Debug|Any CPU.ActiveCfg = Debug|Any CPU
		{C8BD87E1-BEE5-43E6-BA03-11209187D3C7}.Debug|Any CPU.Build.0 = Debug|Any CPU
		{C8BD87E1-BEE5-43E6-BA03-11209187D3C7}.Debug|x64.ActiveCfg = Debug|x64
		{C8BD87E1-BEE5-43E6-BA03-11209187D3C7}.Debug|x64.Build.0 = Debug|x64
		{C8BD87E1-BEE5-43E6-BA03-11209187D3C7}.Debug|x86.ActiveCfg = Debug|x86
		{C8BD87E1-BEE5-43E6-BA03-11209187D3C7}.Debug|x86.Build.0 = Debug|x86
		{C8BD87E1-BEE5-43E6-BA03-11209187D3C7}.Release|Any CPU.ActiveCfg = Release|Any CPU
		{C8BD87E1-BEE5-43E6-BA03-11209187D3C7}.Release|Any CPU.Build.0 = Release|Any CPU
		{C8BD87E1-BEE5-43E6-BA03-11209187D3C7}.Release|x64.ActiveCfg = Release|x64
		{C8BD87E1-BEE5-43E6-BA03-11209187D3C7}.Release|x64.Build.0 = Release|x64
		{C8BD87E1-BEE5-43E6-BA03-11209187D3C7}.Release|x86.ActiveCfg = Release|x86
		{C8BD87E1-BEE5-43E6-BA03-11209187D3C7}.Release|x86.Build.0 = Release|x86
		{0FB41EBB-908E-439E-89BA-5E8293AAED6E}.Debug|Any CPU.ActiveCfg = Debug|Any CPU
		{0FB41EBB-908E-439E-89BA-5E8293AAED6E}.Debug|Any CPU.Build.0 = Debug|Any CPU
		{0FB41EBB-908E-439E-89BA-5E8293AAED6E}.Debug|x64.ActiveCfg = Debug|x64
		{0FB41EBB-908E-439E-89BA-5E8293AAED6E}.Debug|x64.Build.0 = Debug|x64
		{0FB41EBB-908E-439E-89BA-5E8293AAED6E}.Debug|x86.ActiveCfg = Debug|x86
		{0FB41EBB-908E-439E-89BA-5E8293AAED6E}.Debug|x86.Build.0 = Debug|x86
		{0FB41EBB-908E-439E-89BA-5E8293AAED6E}.Release|Any CPU.ActiveCfg = Release|Any CPU
		{0FB41EBB-908E-439E-89BA-5E8293AAED6E}.Release|Any CPU.Build.0 = Release|Any CPU
		{0FB41EBB-908E-439E-89BA-5E8293AAED6E}.Release|x64.ActiveCfg = Release|x64
		{0FB41EBB-908E-439E-89BA-5E8293AAED6E}.Release|x64.Build.0 = Release|x64
		{0FB41EBB-908E-439E-89BA-5E8293AAED6E}.Release|x86.ActiveCfg = Release|x86
		{0FB41EBB-908E-439E-89BA-5E8293AAED6E}.Release|x86.Build.0 = Release|x86
		{65C5E963-5C40-43B9-87DF-036C75A29F82}.Debug|Any CPU.ActiveCfg = Debug|Any CPU
		{65C5E963-5C40-43B9-87DF-036C75A29F82}.Debug|Any CPU.Build.0 = Debug|Any CPU
		{65C5E963-5C40-43B9-87DF-036C75A29F82}.Debug|x64.ActiveCfg = Debug|x64
		{65C5E963-5C40-43B9-87DF-036C75A29F82}.Debug|x64.Build.0 = Debug|x64
		{65C5E963-5C40-43B9-87DF-036C75A29F82}.Debug|x86.ActiveCfg = Debug|x86
		{65C5E963-5C40-43B9-87DF-036C75A29F82}.Debug|x86.Build.0 = Debug|x86
		{65C5E963-5C40-43B9-87DF-036C75A29F82}.Release|Any CPU.ActiveCfg = Release|Any CPU
		{65C5E963-5C40-43B9-87DF-036C75A29F82}.Release|Any CPU.Build.0 = Release|Any CPU
		{65C5E963-5C40-43B9-87DF-036C75A29F82}.Release|x64.ActiveCfg = Release|x64
		{65C5E963-5C40-43B9-87DF-036C75A29F82}.Release|x64.Build.0 = Release|x64
		{65C5E963-5C40-43B9-87DF-036C75A29F82}.Release|x86.ActiveCfg = Release|x86
		{65C5E963-5C40-43B9-87DF-036C75A29F82}.Release|x86.Build.0 = Release|x86
		{FD3E7D16-4A5D-4FAC-9F94-B2408C977907}.Debug|Any CPU.ActiveCfg = Debug|Any CPU
		{FD3E7D16-4A5D-4FAC-9F94-B2408C977907}.Debug|Any CPU.Build.0 = Debug|Any CPU
		{FD3E7D16-4A5D-4FAC-9F94-B2408C977907}.Debug|x64.ActiveCfg = Debug|x64
		{FD3E7D16-4A5D-4FAC-9F94-B2408C977907}.Debug|x64.Build.0 = Debug|x64
		{FD3E7D16-4A5D-4FAC-9F94-B2408C977907}.Debug|x86.ActiveCfg = Debug|x86
		{FD3E7D16-4A5D-4FAC-9F94-B2408C977907}.Debug|x86.Build.0 = Debug|x86
		{FD3E7D16-4A5D-4FAC-9F94-B2408C977907}.Release|Any CPU.ActiveCfg = Release|Any CPU
		{FD3E7D16-4A5D-4FAC-9F94-B2408C977907}.Release|Any CPU.Build.0 = Release|Any CPU
		{FD3E7D16-4A5D-4FAC-9F94-B2408C977907}.Release|x64.ActiveCfg = Release|x64
		{FD3E7D16-4A5D-4FAC-9F94-B2408C977907}.Release|x64.Build.0 = Release|x64
		{FD3E7D16-4A5D-4FAC-9F94-B2408C977907}.Release|x86.ActiveCfg = Release|x86
		{FD3E7D16-4A5D-4FAC-9F94-B2408C977907}.Release|x86.Build.0 = Release|x86
		{FF1D97F7-0D4E-4635-A702-C05083B0193C}.Debug|Any CPU.ActiveCfg = Debug|Any CPU
		{FF1D97F7-0D4E-4635-A702-C05083B0193C}.Debug|Any CPU.Build.0 = Debug|Any CPU
		{FF1D97F7-0D4E-4635-A702-C05083B0193C}.Debug|x64.ActiveCfg = Debug|x64
		{FF1D97F7-0D4E-4635-A702-C05083B0193C}.Debug|x64.Build.0 = Debug|x64
		{FF1D97F7-0D4E-4635-A702-C05083B0193C}.Debug|x86.ActiveCfg = Debug|x86
		{FF1D97F7-0D4E-4635-A702-C05083B0193C}.Debug|x86.Build.0 = Debug|x86
		{FF1D97F7-0D4E-4635-A702-C05083B0193C}.Release|Any CPU.ActiveCfg = Release|Any CPU
		{FF1D97F7-0D4E-4635-A702-C05083B0193C}.Release|Any CPU.Build.0 = Release|Any CPU
		{FF1D97F7-0D4E-4635-A702-C05083B0193C}.Release|x64.ActiveCfg = Release|x64
		{FF1D97F7-0D4E-4635-A702-C05083B0193C}.Release|x64.Build.0 = Release|x64
		{FF1D97F7-0D4E-4635-A702-C05083B0193C}.Release|x86.ActiveCfg = Release|x86
		{FF1D97F7-0D4E-4635-A702-C05083B0193C}.Release|x86.Build.0 = Release|x86
	EndGlobalSection
	GlobalSection(SolutionProperties) = preSolution
		HideSolutionNode = FALSE
	EndGlobalSection
	GlobalSection(NestedProjects) = preSolution
		{C8BD87E1-BEE5-43E6-BA03-11209187D3C7} = {00290DDF-0427-4948-882B-65371C42DFDF}
		{0FB41EBB-908E-439E-89BA-5E8293AAED6E} = {F7CFE8A1-8121-42BE-A418-D59E43AE3ABD}
		{65C5E963-5C40-43B9-87DF-036C75A29F82} = {A4FD18DA-B2DB-44D2-BFA1-119015DD23B2}
		{FD3E7D16-4A5D-4FAC-9F94-B2408C977907} = {37443B95-1467-48B3-861B-C695A04F2AAC}
		{FF1D97F7-0D4E-4635-A702-C05083B0193C} = {F65757A3-2752-4BAD-B8A5-D6993CE6F0F4}
	EndGlobalSection
	GlobalSection(ExtensibilityGlobals) = postSolution
		SolutionGuid = {60285060-4BA6-4617-8C4F-18EC191CAA9C}
	EndGlobalSection
EndGlobal
