
Microsoft Visual Studio Solution File, Format Version 12.00
# Visual Studio 15
VisualStudioVersion = 15.0.27130.2010
MinimumVisualStudioVersion = 10.0.40219.1
Project("{FAE04EC0-301F-11D3-BF4B-00C04F79EFBC}") = "FrontEndPackage", "FrontEndPackage\FrontEndPackage.csproj", "{61511664-AC38-42CA-8D09-70A3EAFAC01B}"
EndProject
Project("{FAE04EC0-301F-11D3-BF4B-00C04F79EFBC}") = "Web", "Web\Web.csproj", "{DD9F9934-F86E-49DB-99DF-9F2D6240B2E5}"
EndProject
Project("{FAE04EC0-301F-11D3-BF4B-00C04F79EFBC}") = "Logic", "Logic\Logic.csproj", "{C3227557-1866-4A92-8B6F-8A3710DA959E}"
EndProject
Project("{2150E333-8FDC-42A3-9474-1A3956D46DE8}") = "Information", "Information", "{CA9EDA21-C631-4C61-8C52-A8DD6F842346}"
	ProjectSection(SolutionItems) = preProject
		Todo.txt = Todo.txt
	EndProjectSection
EndProject
Global
	GlobalSection(SolutionConfigurationPlatforms) = preSolution
		Debug|Any CPU = Debug|Any CPU
		Release|Any CPU = Release|Any CPU
	EndGlobalSection
	GlobalSection(ProjectConfigurationPlatforms) = postSolution
		{61511664-AC38-42CA-8D09-70A3EAFAC01B}.Debug|Any CPU.ActiveCfg = Debug|Any CPU
		{61511664-AC38-42CA-8D09-70A3EAFAC01B}.Debug|Any CPU.Build.0 = Debug|Any CPU
		{61511664-AC38-42CA-8D09-70A3EAFAC01B}.Release|Any CPU.ActiveCfg = Release|Any CPU
		{61511664-AC38-42CA-8D09-70A3EAFAC01B}.Release|Any CPU.Build.0 = Release|Any CPU
		{DD9F9934-F86E-49DB-99DF-9F2D6240B2E5}.Debug|Any CPU.ActiveCfg = Debug|Any CPU
		{DD9F9934-F86E-49DB-99DF-9F2D6240B2E5}.Debug|Any CPU.Build.0 = Debug|Any CPU
		{DD9F9934-F86E-49DB-99DF-9F2D6240B2E5}.Release|Any CPU.ActiveCfg = Release|Any CPU
		{DD9F9934-F86E-49DB-99DF-9F2D6240B2E5}.Release|Any CPU.Build.0 = Release|Any CPU
		{C3227557-1866-4A92-8B6F-8A3710DA959E}.Debug|Any CPU.ActiveCfg = Debug|Any CPU
		{C3227557-1866-4A92-8B6F-8A3710DA959E}.Debug|Any CPU.Build.0 = Debug|Any CPU
		{C3227557-1866-4A92-8B6F-8A3710DA959E}.Release|Any CPU.ActiveCfg = Release|Any CPU
		{C3227557-1866-4A92-8B6F-8A3710DA959E}.Release|Any CPU.Build.0 = Release|Any CPU
	EndGlobalSection
	GlobalSection(SolutionProperties) = preSolution
		HideSolutionNode = FALSE
	EndGlobalSection
	GlobalSection(ExtensibilityGlobals) = postSolution
		SolutionGuid = {C2B60598-A6D9-4FDE-96F3-7C024AE8B143}
	EndGlobalSection
EndGlobal
